
Microsoft Visual Studio Solution File, Format Version 12.00
# Visual Studio Version 17
VisualStudioVersion = 17.14.36221.1 d17.14
MinimumVisualStudioVersion = 10.0.40219.1
Project("{FAE04EC0-301F-11D3-BF4B-00C04F79EFBC}") = "MY_E_COMMERCE", "MY_E_COMMERCE\MY_E_COMMERCE.csproj", "{FD296795-7C8F-487D-B9EA-C94527257946}"
EndProject
Global
	GlobalSection(SolutionConfigurationPlatforms) = preSolution
		Debug|Any CPU = Debug|Any CPU
		Release|Any CPU = Release|Any CPU
	EndGlobalSection
	GlobalSection(ProjectConfigurationPlatforms) = postSolution
		{FD296795-7C8F-487D-B9EA-C94527257946}.Debug|Any CPU.ActiveCfg = Debug|Any CPU
		{FD296795-7C8F-487D-B9EA-C94527257946}.Debug|Any CPU.Build.0 = Debug|Any CPU
		{FD296795-7C8F-487D-B9EA-C94527257946}.Release|Any CPU.ActiveCfg = Release|Any CPU
		{FD296795-7C8F-487D-B9EA-C94527257946}.Release|Any CPU.Build.0 = Release|Any CPU
	EndGlobalSection
	GlobalSection(SolutionProperties) = preSolution
		HideSolutionNode = FALSE
	EndGlobalSection
	GlobalSection(ExtensibilityGlobals) = postSolution
		SolutionGuid = {77EA7ADD-96D7-41DD-8063-A0B62BF0993B}
	EndGlobalSection
EndGlobal
